# This file is automatically @generated by Poetry 1.5.4 and should not be changed by hand.

[[package]]
name = "getch"
version = "1.0"
description = "Does single char input, like C getch/getche"
optional = false
python-versions = "*"
files = [
    {file = "getch-1.0-python2.tar.gz", hash = "sha256:be451438f7a2b389f96753aea39b6ed2540a390f1b9a12badcbc110cf9a5ce7f"},
    {file = "getch-1.0.tar.gz", hash = "sha256:a6c22717c10051ce65b8fb7bddb171af705b1175e694a73be956990f6089d8b1"},
]

[[package]]
name = "getkey"
version = "0.6.5"
description = "Read single characters and key-strokes"
optional = false
python-versions = "*"
files = [
    {file = "getkey-0.6.5.tar.gz", hash = "sha256:68c7c702c3b34deacf427f6c0f1fd66c5c2aa12d7801aa32442fc1a71c8ce059"},
]

[metadata]
lock-version = "2.0"
python-versions = ">=3.10.0,<3.12"
content-hash = "1d3c0a1e1c5c76fb7bf9d0757836d50ec196d3e10f7d202ba08ea7a80abc6a48"
