# This file is automatically @generated by Poetry 1.5.4 and should not be changed by hand.

[[package]]
name = "getkey"
version = "0.6.5"
description = "Read single characters and key-strokes"
optional = false
python-versions = "*"
files = [
    {file = "getkey-0.6.5.tar.gz", hash = "sha256:68c7c702c3b34deacf427f6c0f1fd66c5c2aa12d7801aa32442fc1a71c8ce059"},
]

[metadata]
lock-version = "2.0"
python-versions = ">=3.10.0,<3.12"
content-hash = "7a9e53c5170e4c7a7cf7ca62580de1f4fc37c1347e56031451a6f4d51e2f2824"
